
Microsoft Visual Studio Solution File, Format Version 12.00
Project("{FAE04EC0-301F-11D3-BF4B-00C04F79EFBC}") = "ResumeAI", "ResumeAI\ResumeAI.csproj", "{F31EC8A2-55B9-4977-8FE6-D26EC880CA26}"
EndProject
Project("{FAE04EC0-301F-11D3-BF4B-00C04F79EFBC}") = "ResumeAI.WebAPI", "ResumeAI.WebAPI\ResumeAI.WebAPI.csproj", "{0D23CE51-0E0E-4020-9C44-827EE21A3048}"
EndProject
Global
	GlobalSection(SolutionConfigurationPlatforms) = preSolution
		Debug|Any CPU = Debug|Any CPU
		Release|Any CPU = Release|Any CPU
	EndGlobalSection
	GlobalSection(ProjectConfigurationPlatforms) = postSolution
		{F31EC8A2-55B9-4977-8FE6-D26EC880CA26}.Debug|Any CPU.ActiveCfg = Debug|Any CPU
		{F31EC8A2-55B9-4977-8FE6-D26EC880CA26}.Debug|Any CPU.Build.0 = Debug|Any CPU
		{F31EC8A2-55B9-4977-8FE6-D26EC880CA26}.Release|Any CPU.ActiveCfg = Release|Any CPU
		{F31EC8A2-55B9-4977-8FE6-D26EC880CA26}.Release|Any CPU.Build.0 = Release|Any CPU
		{0D23CE51-0E0E-4020-9C44-827EE21A3048}.Debug|Any CPU.ActiveCfg = Debug|Any CPU
		{0D23CE51-0E0E-4020-9C44-827EE21A3048}.Debug|Any CPU.Build.0 = Debug|Any CPU
		{0D23CE51-0E0E-4020-9C44-827EE21A3048}.Release|Any CPU.ActiveCfg = Release|Any CPU
		{0D23CE51-0E0E-4020-9C44-827EE21A3048}.Release|Any CPU.Build.0 = Release|Any CPU
	EndGlobalSection
EndGlobal
